
Microsoft Visual Studio Solution File, Format Version 12.00
# Visual Studio Version 17
VisualStudioVersion = 17.1.32210.238
MinimumVisualStudioVersion = 10.0.40219.1
Project("{2150E333-8FDC-42A3-9474-1A3956D46DE8}") = "Source", "Source", "{AC2656AF-DD8B-4B47-8B6F-E7C68B44CD1F}"
EndProject
Project("{2150E333-8FDC-42A3-9474-1A3956D46DE8}") = "Application", "Application", "{E32F9979-76F0-4AB0-A11C-BDB864AA5927}"
EndProject
Project("{2150E333-8FDC-42A3-9474-1A3956D46DE8}") = "Domain", "Domain", "{F39CDB27-4EDE-4829-97B5-5B406CECC182}"
EndProject
Project("{9A19103F-16F7-4668-BE54-9A1E7A4F7556}") = "Project.Cad.Domain", "Project.Cad.Domain\Project.Cad.Domain.csproj", "{634A315D-90B7-44F9-AD31-D38C986C8FC2}"
EndProject
Project("{2150E333-8FDC-42A3-9474-1A3956D46DE8}") = "Infra", "Infra", "{6F57D837-87DB-4221-AFEF-3CD405970845}"
EndProject
Project("{2150E333-8FDC-42A3-9474-1A3956D46DE8}") = "Data", "Data", "{C0552341-6D98-41CA-87E8-02DA497849E9}"
EndProject
Project("{2150E333-8FDC-42A3-9474-1A3956D46DE8}") = "Tests", "Tests", "{8789E11B-F282-42C2-B3F2-10C3F5312DC3}"
EndProject
Project("{9A19103F-16F7-4668-BE54-9A1E7A4F7556}") = "Project.Cad.NUnitTest", "Project.Cad.NUnitTest\Project.Cad.NUnitTest.csproj", "{906C2A37-37B0-47C3-9973-A12129A2F537}"
EndProject
Project("{9A19103F-16F7-4668-BE54-9A1E7A4F7556}") = "Project.Cad.Data", "Project.Cad.Data\Project.Cad.Data.csproj", "{19B673AF-743F-4E21-BBE5-BA5000D89668}"
EndProject
Project("{9A19103F-16F7-4668-BE54-9A1E7A4F7556}") = "Project.Cad.Web", "Project.Cad.Web\Project.Cad.Web.csproj", "{3A94AF9C-2D90-44D2-8412-6A92FE4DFBE8}"
EndProject
Project("{2150E333-8FDC-42A3-9474-1A3956D46DE8}") = "Solution Items", "Solution Items", "{F0AD8ABE-A948-407A-8CFD-1A9363C88205}"
	ProjectSection(SolutionItems) = preProject
		.editorconfig = .editorconfig
		Dockerfile = Dockerfile
		README.md = README.md
	EndProjectSection
EndProject
Global
	GlobalSection(SolutionConfigurationPlatforms) = preSolution
		Debug|Any CPU = Debug|Any CPU
		Release|Any CPU = Release|Any CPU
	EndGlobalSection
	GlobalSection(ProjectConfigurationPlatforms) = postSolution
		{634A315D-90B7-44F9-AD31-D38C986C8FC2}.Debug|Any CPU.ActiveCfg = Debug|Any CPU
		{634A315D-90B7-44F9-AD31-D38C986C8FC2}.Debug|Any CPU.Build.0 = Debug|Any CPU
		{634A315D-90B7-44F9-AD31-D38C986C8FC2}.Release|Any CPU.ActiveCfg = Release|Any CPU
		{634A315D-90B7-44F9-AD31-D38C986C8FC2}.Release|Any CPU.Build.0 = Release|Any CPU
		{906C2A37-37B0-47C3-9973-A12129A2F537}.Debug|Any CPU.ActiveCfg = Debug|Any CPU
		{906C2A37-37B0-47C3-9973-A12129A2F537}.Debug|Any CPU.Build.0 = Debug|Any CPU
		{906C2A37-37B0-47C3-9973-A12129A2F537}.Release|Any CPU.ActiveCfg = Release|Any CPU
		{906C2A37-37B0-47C3-9973-A12129A2F537}.Release|Any CPU.Build.0 = Release|Any CPU
		{19B673AF-743F-4E21-BBE5-BA5000D89668}.Debug|Any CPU.ActiveCfg = Debug|Any CPU
		{19B673AF-743F-4E21-BBE5-BA5000D89668}.Debug|Any CPU.Build.0 = Debug|Any CPU
		{19B673AF-743F-4E21-BBE5-BA5000D89668}.Release|Any CPU.ActiveCfg = Release|Any CPU
		{19B673AF-743F-4E21-BBE5-BA5000D89668}.Release|Any CPU.Build.0 = Release|Any CPU
		{3A94AF9C-2D90-44D2-8412-6A92FE4DFBE8}.Debug|Any CPU.ActiveCfg = Debug|Any CPU
		{3A94AF9C-2D90-44D2-8412-6A92FE4DFBE8}.Debug|Any CPU.Build.0 = Debug|Any CPU
		{3A94AF9C-2D90-44D2-8412-6A92FE4DFBE8}.Release|Any CPU.ActiveCfg = Release|Any CPU
		{3A94AF9C-2D90-44D2-8412-6A92FE4DFBE8}.Release|Any CPU.Build.0 = Release|Any CPU
	EndGlobalSection
	GlobalSection(SolutionProperties) = preSolution
		HideSolutionNode = FALSE
	EndGlobalSection
	GlobalSection(NestedProjects) = preSolution
		{E32F9979-76F0-4AB0-A11C-BDB864AA5927} = {AC2656AF-DD8B-4B47-8B6F-E7C68B44CD1F}
		{F39CDB27-4EDE-4829-97B5-5B406CECC182} = {AC2656AF-DD8B-4B47-8B6F-E7C68B44CD1F}
		{634A315D-90B7-44F9-AD31-D38C986C8FC2} = {F39CDB27-4EDE-4829-97B5-5B406CECC182}
		{6F57D837-87DB-4221-AFEF-3CD405970845} = {AC2656AF-DD8B-4B47-8B6F-E7C68B44CD1F}
		{C0552341-6D98-41CA-87E8-02DA497849E9} = {6F57D837-87DB-4221-AFEF-3CD405970845}
		{906C2A37-37B0-47C3-9973-A12129A2F537} = {8789E11B-F282-42C2-B3F2-10C3F5312DC3}
		{19B673AF-743F-4E21-BBE5-BA5000D89668} = {C0552341-6D98-41CA-87E8-02DA497849E9}
		{3A94AF9C-2D90-44D2-8412-6A92FE4DFBE8} = {E32F9979-76F0-4AB0-A11C-BDB864AA5927}
		{A3EA6F59-744D-4FBE-AAC6-BE7A4C12ADBF} = {F0AD8ABE-A948-407A-8CFD-1A9363C88205}
		{BF44A4F9-4FB3-449F-9029-36B40C41DF7B} = {A3EA6F59-744D-4FBE-AAC6-BE7A4C12ADBF}
		{4E82D71A-B831-46DE-B421-39D020683D67} = {F0AD8ABE-A948-407A-8CFD-1A9363C88205}
	EndGlobalSection
	GlobalSection(ExtensibilityGlobals) = postSolution
		SolutionGuid = {0A84A63B-F7CC-4392-9982-E96242464F2A}
	EndGlobalSection
EndGlobal
